
Microsoft Visual Studio Solution File, Format Version 12.00
# Visual Studio 14
VisualStudioVersion = 14.0.23107.0
MinimumVisualStudioVersion = 10.0.40219.1
Project("{FAE04EC0-301F-11D3-BF4B-00C04F79EFBC}") = "01. NorthwindContext", "NorthwindContext\01. NorthwindContext.csproj", "{EBA99669-52D2-4BC3-98B1-880F8E0E24B1}"
EndProject
Project("{FAE04EC0-301F-11D3-BF4B-00C04F79EFBC}") = "02. - 05. CrudOperations", "CrudOperations\02. - 05. CrudOperations.csproj", "{1DF86DA1-80A1-49A4-AB28-706454709426}"
EndProject
Project("{FAE04EC0-301F-11D3-BF4B-00C04F79EFBC}") = "06. NorthwindTwin", "NorthwindTwin\06. NorthwindTwin.csproj", "{D185056A-F0FB-47B5-8988-4932687D7737}"
EndProject
Project("{FAE04EC0-301F-11D3-BF4B-00C04F79EFBC}") = "07. EntityConcurrency", "EntityConcurrency\07. EntityConcurrency.csproj", "{EF60674D-EA09-430D-8493-6562E337A3FC}"
EndProject
Global
	GlobalSection(SolutionConfigurationPlatforms) = preSolution
		Debug|Any CPU = Debug|Any CPU
		Release|Any CPU = Release|Any CPU
	EndGlobalSection
	GlobalSection(ProjectConfigurationPlatforms) = postSolution
		{EBA99669-52D2-4BC3-98B1-880F8E0E24B1}.Debug|Any CPU.ActiveCfg = Debug|Any CPU
		{EBA99669-52D2-4BC3-98B1-880F8E0E24B1}.Debug|Any CPU.Build.0 = Debug|Any CPU
		{EBA99669-52D2-4BC3-98B1-880F8E0E24B1}.Release|Any CPU.ActiveCfg = Release|Any CPU
		{EBA99669-52D2-4BC3-98B1-880F8E0E24B1}.Release|Any CPU.Build.0 = Release|Any CPU
		{1DF86DA1-80A1-49A4-AB28-706454709426}.Debug|Any CPU.ActiveCfg = Debug|Any CPU
		{1DF86DA1-80A1-49A4-AB28-706454709426}.Debug|Any CPU.Build.0 = Debug|Any CPU
		{1DF86DA1-80A1-49A4-AB28-706454709426}.Release|Any CPU.ActiveCfg = Release|Any CPU
		{1DF86DA1-80A1-49A4-AB28-706454709426}.Release|Any CPU.Build.0 = Release|Any CPU
		{D185056A-F0FB-47B5-8988-4932687D7737}.Debug|Any CPU.ActiveCfg = Debug|Any CPU
		{D185056A-F0FB-47B5-8988-4932687D7737}.Debug|Any CPU.Build.0 = Debug|Any CPU
		{D185056A-F0FB-47B5-8988-4932687D7737}.Release|Any CPU.ActiveCfg = Release|Any CPU
		{D185056A-F0FB-47B5-8988-4932687D7737}.Release|Any CPU.Build.0 = Release|Any CPU
		{EF60674D-EA09-430D-8493-6562E337A3FC}.Debug|Any CPU.ActiveCfg = Debug|Any CPU
		{EF60674D-EA09-430D-8493-6562E337A3FC}.Debug|Any CPU.Build.0 = Debug|Any CPU
		{EF60674D-EA09-430D-8493-6562E337A3FC}.Release|Any CPU.ActiveCfg = Release|Any CPU
		{EF60674D-EA09-430D-8493-6562E337A3FC}.Release|Any CPU.Build.0 = Release|Any CPU
	EndGlobalSection
	GlobalSection(SolutionProperties) = preSolution
		HideSolutionNode = FALSE
	EndGlobalSection
EndGlobal
