
Microsoft Visual Studio Solution File, Format Version 12.00
# Visual Studio 2013
VisualStudioVersion = 12.0.31101.0
MinimumVisualStudioVersion = 10.0.40219.1
Project("{FAE04EC0-301F-11D3-BF4B-00C04F79EFBC}") = "01. MollyMolly", "MollyMolly\01. MollyMolly.csproj", "{1E6574E1-4C46-4292-BB89-7A6E6FEC3B92}"
EndProject
Project("{FAE04EC0-301F-11D3-BF4B-00C04F79EFBC}") = "02. NightmareOnCodeStreet", "NightmareOnCodeStreet\02. NightmareOnCodeStreet.csproj", "{88EEFA1B-4FA1-4B95-BE31-0591E67DC57D}"
EndProject
Project("{FAE04EC0-301F-11D3-BF4B-00C04F79EFBC}") = "03. Enigmanation", "Enigmanation\03. Enigmanation.csproj", "{6A3DDEFE-2A95-41D9-9F18-0C4585692614}"
EndProject
Project("{FAE04EC0-301F-11D3-BF4B-00C04F79EFBC}") = "04. KaspichaniaBoats", "KaspichaniaBoats\04. KaspichaniaBoats.csproj", "{77492B1E-48C8-41A8-A6FF-911969D5863D}"
EndProject
Project("{FAE04EC0-301F-11D3-BF4B-00C04F79EFBC}") = "05. GameOfPage", "GameOfPage\05. GameOfPage.csproj", "{EF385DE8-ABDA-4A97-A5E1-B3266F1A9B30}"
EndProject
Project("{FAE04EC0-301F-11D3-BF4B-00C04F79EFBC}") = "01. PeaceOfCake", "PeaceOfCake\01. PeaceOfCake.csproj", "{B5F3E4E3-034A-45D0-B2FE-66F7F3EBD525}"
EndProject
Project("{FAE04EC0-301F-11D3-BF4B-00C04F79EFBC}") = "02. AngryFemaleGPS", "AngryFemaleGPS\02. AngryFemaleGPS.csproj", "{E4046FB6-53D4-4174-A362-EE34E3F6E885}"
EndProject
Project("{FAE04EC0-301F-11D3-BF4B-00C04F79EFBC}") = "03. OnesAndZeroes", "OnesAndZeroes\03. OnesAndZeroes.csproj", "{53305B0D-DC1D-4E2C-8A52-0C27FD8827E9}"
EndProject
Project("{FAE04EC0-301F-11D3-BF4B-00C04F79EFBC}") = "04. Eggcelent", "Eggcelent\04. Eggcelent.csproj", "{6A1812F6-A8F3-48CB-B70D-EE62491C5E2C}"
EndProject
Project("{FAE04EC0-301F-11D3-BF4B-00C04F79EFBC}") = "05. NaBabaMiSmetalnika", "NaBabaMiSmetalnika\05. NaBabaMiSmetalnika.csproj", "{410B2CD4-162A-49F2-A828-0DD995EF35FF}"
EndProject
Project("{FAE04EC0-301F-11D3-BF4B-00C04F79EFBC}") = "01. CoffeeVendingMachine", "CoffeeVendingMachine\01. CoffeeVendingMachine.csproj", "{5C029C5B-C4EA-4D3A-BE8C-094AEA8240E7}"
EndProject
Project("{FAE04EC0-301F-11D3-BF4B-00C04F79EFBC}") = "02. DrunkenNumbers", "DrunkenNumbers\02. DrunkenNumbers.csproj", "{BBCF39CF-3463-4A23-BD14-79253BA90B3C}"
EndProject
Project("{FAE04EC0-301F-11D3-BF4B-00C04F79EFBC}") = "03. BullsAndCows", "BullsAndCows\03. BullsAndCows.csproj", "{0D0677F2-1392-44AE-8303-90A5CB00F70A}"
EndProject
Project("{FAE04EC0-301F-11D3-BF4B-00C04F79EFBC}") = "04. FireInTheMatrix", "FireInTheMatrix\04. FireInTheMatrix.csproj", "{C6FF3878-149F-438A-B008-68C7988DB788}"
EndProject
Project("{FAE04EC0-301F-11D3-BF4B-00C04F79EFBC}") = "05. NeuronMapping", "NeuronMapping\05. NeuronMapping.csproj", "{D3BD8256-779F-4719-BE6A-5069DB7771EE}"
EndProject
Project("{FAE04EC0-301F-11D3-BF4B-00C04F79EFBC}") = "02. TheSecretsOfNumbers", "TheSecretsOfNumbers\02. TheSecretsOfNumbers.csproj", "{E69E6E64-2A3E-497F-8539-72F00E853BAC}"
EndProject
Project("{FAE04EC0-301F-11D3-BF4B-00C04F79EFBC}") = "04. BatGoikoTower", "BatGoikoTower\04. BatGoikoTower.csproj", "{3E539D1D-DF07-4D7D-9AEE-ED637237D361}"
EndProject
Project("{FAE04EC0-301F-11D3-BF4B-00C04F79EFBC}") = "04. DiamondTrolls", "DiamondTrolls\04. DiamondTrolls.csproj", "{1397BADF-EFF9-4926-9348-71154AF05CDF}"
EndProject
Project("{FAE04EC0-301F-11D3-BF4B-00C04F79EFBC}") = "01. NextDate", "NextDate\01. NextDate.csproj", "{A6D04DA7-355F-44E1-89B8-E47986F5FDE0}"
EndProject
Project("{FAE04EC0-301F-11D3-BF4B-00C04F79EFBC}") = "02. TribonacciTriangle", "TribonacciTriangle\02. TribonacciTriangle.csproj", "{E8F9AB40-14C0-4FD6-8E5D-51AB583D63A1}"
EndProject
Project("{FAE04EC0-301F-11D3-BF4B-00C04F79EFBC}") = "04. Carpets", "Carpets\04. Carpets.csproj", "{1599F0A1-5C39-4585-9B4E-3D22652C2E5A}"
EndProject
Project("{FAE04EC0-301F-11D3-BF4B-00C04F79EFBC}") = "03. Sheets", "Sheets\03. Sheets.csproj", "{5D08F48F-F5A6-4FD6-A5CF-C2E6755BC588}"
EndProject
Project("{FAE04EC0-301F-11D3-BF4B-00C04F79EFBC}") = "05. FormulaBit1", "FormulaBit1\05. FormulaBit1.csproj", "{D675EC01-1C85-4324-818E-82607F3B4A35}"
EndProject
Project("{FAE04EC0-301F-11D3-BF4B-00C04F79EFBC}") = "01. TripleRotationOfDigits", "TripleRotationOfDigits\01. TripleRotationOfDigits.csproj", "{CA6D3432-D1ED-4DE2-A944-ED4319F9B448}"
EndProject
Project("{FAE04EC0-301F-11D3-BF4B-00C04F79EFBC}") = "02. QuadronacciRectangle", "QuadronacciRectangle\02. QuadronacciRectangle.csproj", "{1744201E-42FC-45B1-8D18-A6AB5B118B27}"
EndProject
Project("{FAE04EC0-301F-11D3-BF4B-00C04F79EFBC}") = "03. Poker", "Poker\03. Poker.csproj", "{6DF56A72-2A2D-4044-8D4A-8057BF8CA2A2}"
EndProject
Project("{FAE04EC0-301F-11D3-BF4B-00C04F79EFBC}") = "04 .UKFlag", "UKFlag\04 .UKFlag.csproj", "{5E19639A-B878-4D9F-AB6A-6D2C00C7B248}"
EndProject
Project("{FAE04EC0-301F-11D3-BF4B-00C04F79EFBC}") = "05. AngryBits", "AngryBits\05. AngryBits.csproj", "{74945066-99E9-49F1-95F0-99E319E0349B}"
EndProject
Project("{FAE04EC0-301F-11D3-BF4B-00C04F79EFBC}") = "ExRugs", "ExRugs\ExRugs.csproj", "{90EBCD3B-F982-467B-B674-F505C36CEADE}"
EndProject
Global
	GlobalSection(SolutionConfigurationPlatforms) = preSolution
		Debug|Any CPU = Debug|Any CPU
		Release|Any CPU = Release|Any CPU
	EndGlobalSection
	GlobalSection(ProjectConfigurationPlatforms) = postSolution
		{1E6574E1-4C46-4292-BB89-7A6E6FEC3B92}.Debug|Any CPU.ActiveCfg = Debug|Any CPU
		{1E6574E1-4C46-4292-BB89-7A6E6FEC3B92}.Debug|Any CPU.Build.0 = Debug|Any CPU
		{1E6574E1-4C46-4292-BB89-7A6E6FEC3B92}.Release|Any CPU.ActiveCfg = Release|Any CPU
		{1E6574E1-4C46-4292-BB89-7A6E6FEC3B92}.Release|Any CPU.Build.0 = Release|Any CPU
		{88EEFA1B-4FA1-4B95-BE31-0591E67DC57D}.Debug|Any CPU.ActiveCfg = Debug|Any CPU
		{88EEFA1B-4FA1-4B95-BE31-0591E67DC57D}.Debug|Any CPU.Build.0 = Debug|Any CPU
		{88EEFA1B-4FA1-4B95-BE31-0591E67DC57D}.Release|Any CPU.ActiveCfg = Release|Any CPU
		{88EEFA1B-4FA1-4B95-BE31-0591E67DC57D}.Release|Any CPU.Build.0 = Release|Any CPU
		{6A3DDEFE-2A95-41D9-9F18-0C4585692614}.Debug|Any CPU.ActiveCfg = Debug|Any CPU
		{6A3DDEFE-2A95-41D9-9F18-0C4585692614}.Debug|Any CPU.Build.0 = Debug|Any CPU
		{6A3DDEFE-2A95-41D9-9F18-0C4585692614}.Release|Any CPU.ActiveCfg = Release|Any CPU
		{6A3DDEFE-2A95-41D9-9F18-0C4585692614}.Release|Any CPU.Build.0 = Release|Any CPU
		{77492B1E-48C8-41A8-A6FF-911969D5863D}.Debug|Any CPU.ActiveCfg = Debug|Any CPU
		{77492B1E-48C8-41A8-A6FF-911969D5863D}.Debug|Any CPU.Build.0 = Debug|Any CPU
		{77492B1E-48C8-41A8-A6FF-911969D5863D}.Release|Any CPU.ActiveCfg = Release|Any CPU
		{77492B1E-48C8-41A8-A6FF-911969D5863D}.Release|Any CPU.Build.0 = Release|Any CPU
		{EF385DE8-ABDA-4A97-A5E1-B3266F1A9B30}.Debug|Any CPU.ActiveCfg = Debug|Any CPU
		{EF385DE8-ABDA-4A97-A5E1-B3266F1A9B30}.Debug|Any CPU.Build.0 = Debug|Any CPU
		{EF385DE8-ABDA-4A97-A5E1-B3266F1A9B30}.Release|Any CPU.ActiveCfg = Release|Any CPU
		{EF385DE8-ABDA-4A97-A5E1-B3266F1A9B30}.Release|Any CPU.Build.0 = Release|Any CPU
		{B5F3E4E3-034A-45D0-B2FE-66F7F3EBD525}.Debug|Any CPU.ActiveCfg = Debug|Any CPU
		{B5F3E4E3-034A-45D0-B2FE-66F7F3EBD525}.Debug|Any CPU.Build.0 = Debug|Any CPU
		{B5F3E4E3-034A-45D0-B2FE-66F7F3EBD525}.Release|Any CPU.ActiveCfg = Release|Any CPU
		{B5F3E4E3-034A-45D0-B2FE-66F7F3EBD525}.Release|Any CPU.Build.0 = Release|Any CPU
		{E4046FB6-53D4-4174-A362-EE34E3F6E885}.Debug|Any CPU.ActiveCfg = Debug|Any CPU
		{E4046FB6-53D4-4174-A362-EE34E3F6E885}.Debug|Any CPU.Build.0 = Debug|Any CPU
		{E4046FB6-53D4-4174-A362-EE34E3F6E885}.Release|Any CPU.ActiveCfg = Release|Any CPU
		{E4046FB6-53D4-4174-A362-EE34E3F6E885}.Release|Any CPU.Build.0 = Release|Any CPU
		{53305B0D-DC1D-4E2C-8A52-0C27FD8827E9}.Debug|Any CPU.ActiveCfg = Debug|Any CPU
		{53305B0D-DC1D-4E2C-8A52-0C27FD8827E9}.Debug|Any CPU.Build.0 = Debug|Any CPU
		{53305B0D-DC1D-4E2C-8A52-0C27FD8827E9}.Release|Any CPU.ActiveCfg = Release|Any CPU
		{53305B0D-DC1D-4E2C-8A52-0C27FD8827E9}.Release|Any CPU.Build.0 = Release|Any CPU
		{6A1812F6-A8F3-48CB-B70D-EE62491C5E2C}.Debug|Any CPU.ActiveCfg = Debug|Any CPU
		{6A1812F6-A8F3-48CB-B70D-EE62491C5E2C}.Debug|Any CPU.Build.0 = Debug|Any CPU
		{6A1812F6-A8F3-48CB-B70D-EE62491C5E2C}.Release|Any CPU.ActiveCfg = Release|Any CPU
		{6A1812F6-A8F3-48CB-B70D-EE62491C5E2C}.Release|Any CPU.Build.0 = Release|Any CPU
		{410B2CD4-162A-49F2-A828-0DD995EF35FF}.Debug|Any CPU.ActiveCfg = Debug|Any CPU
		{410B2CD4-162A-49F2-A828-0DD995EF35FF}.Debug|Any CPU.Build.0 = Debug|Any CPU
		{410B2CD4-162A-49F2-A828-0DD995EF35FF}.Release|Any CPU.ActiveCfg = Release|Any CPU
		{410B2CD4-162A-49F2-A828-0DD995EF35FF}.Release|Any CPU.Build.0 = Release|Any CPU
		{5C029C5B-C4EA-4D3A-BE8C-094AEA8240E7}.Debug|Any CPU.ActiveCfg = Debug|Any CPU
		{5C029C5B-C4EA-4D3A-BE8C-094AEA8240E7}.Debug|Any CPU.Build.0 = Debug|Any CPU
		{5C029C5B-C4EA-4D3A-BE8C-094AEA8240E7}.Release|Any CPU.ActiveCfg = Release|Any CPU
		{5C029C5B-C4EA-4D3A-BE8C-094AEA8240E7}.Release|Any CPU.Build.0 = Release|Any CPU
		{BBCF39CF-3463-4A23-BD14-79253BA90B3C}.Debug|Any CPU.ActiveCfg = Debug|Any CPU
		{BBCF39CF-3463-4A23-BD14-79253BA90B3C}.Debug|Any CPU.Build.0 = Debug|Any CPU
		{BBCF39CF-3463-4A23-BD14-79253BA90B3C}.Release|Any CPU.ActiveCfg = Release|Any CPU
		{BBCF39CF-3463-4A23-BD14-79253BA90B3C}.Release|Any CPU.Build.0 = Release|Any CPU
		{0D0677F2-1392-44AE-8303-90A5CB00F70A}.Debug|Any CPU.ActiveCfg = Debug|Any CPU
		{0D0677F2-1392-44AE-8303-90A5CB00F70A}.Debug|Any CPU.Build.0 = Debug|Any CPU
		{0D0677F2-1392-44AE-8303-90A5CB00F70A}.Release|Any CPU.ActiveCfg = Release|Any CPU
		{0D0677F2-1392-44AE-8303-90A5CB00F70A}.Release|Any CPU.Build.0 = Release|Any CPU
		{C6FF3878-149F-438A-B008-68C7988DB788}.Debug|Any CPU.ActiveCfg = Debug|Any CPU
		{C6FF3878-149F-438A-B008-68C7988DB788}.Debug|Any CPU.Build.0 = Debug|Any CPU
		{C6FF3878-149F-438A-B008-68C7988DB788}.Release|Any CPU.ActiveCfg = Release|Any CPU
		{C6FF3878-149F-438A-B008-68C7988DB788}.Release|Any CPU.Build.0 = Release|Any CPU
		{D3BD8256-779F-4719-BE6A-5069DB7771EE}.Debug|Any CPU.ActiveCfg = Debug|Any CPU
		{D3BD8256-779F-4719-BE6A-5069DB7771EE}.Debug|Any CPU.Build.0 = Debug|Any CPU
		{D3BD8256-779F-4719-BE6A-5069DB7771EE}.Release|Any CPU.ActiveCfg = Release|Any CPU
		{D3BD8256-779F-4719-BE6A-5069DB7771EE}.Release|Any CPU.Build.0 = Release|Any CPU
		{E69E6E64-2A3E-497F-8539-72F00E853BAC}.Debug|Any CPU.ActiveCfg = Debug|Any CPU
		{E69E6E64-2A3E-497F-8539-72F00E853BAC}.Debug|Any CPU.Build.0 = Debug|Any CPU
		{E69E6E64-2A3E-497F-8539-72F00E853BAC}.Release|Any CPU.ActiveCfg = Release|Any CPU
		{E69E6E64-2A3E-497F-8539-72F00E853BAC}.Release|Any CPU.Build.0 = Release|Any CPU
		{3E539D1D-DF07-4D7D-9AEE-ED637237D361}.Debug|Any CPU.ActiveCfg = Debug|Any CPU
		{3E539D1D-DF07-4D7D-9AEE-ED637237D361}.Debug|Any CPU.Build.0 = Debug|Any CPU
		{3E539D1D-DF07-4D7D-9AEE-ED637237D361}.Release|Any CPU.ActiveCfg = Release|Any CPU
		{3E539D1D-DF07-4D7D-9AEE-ED637237D361}.Release|Any CPU.Build.0 = Release|Any CPU
		{1397BADF-EFF9-4926-9348-71154AF05CDF}.Debug|Any CPU.ActiveCfg = Debug|Any CPU
		{1397BADF-EFF9-4926-9348-71154AF05CDF}.Debug|Any CPU.Build.0 = Debug|Any CPU
		{1397BADF-EFF9-4926-9348-71154AF05CDF}.Release|Any CPU.ActiveCfg = Release|Any CPU
		{1397BADF-EFF9-4926-9348-71154AF05CDF}.Release|Any CPU.Build.0 = Release|Any CPU
		{A6D04DA7-355F-44E1-89B8-E47986F5FDE0}.Debug|Any CPU.ActiveCfg = Debug|Any CPU
		{A6D04DA7-355F-44E1-89B8-E47986F5FDE0}.Debug|Any CPU.Build.0 = Debug|Any CPU
		{A6D04DA7-355F-44E1-89B8-E47986F5FDE0}.Release|Any CPU.ActiveCfg = Release|Any CPU
		{A6D04DA7-355F-44E1-89B8-E47986F5FDE0}.Release|Any CPU.Build.0 = Release|Any CPU
		{E8F9AB40-14C0-4FD6-8E5D-51AB583D63A1}.Debug|Any CPU.ActiveCfg = Debug|Any CPU
		{E8F9AB40-14C0-4FD6-8E5D-51AB583D63A1}.Debug|Any CPU.Build.0 = Debug|Any CPU
		{E8F9AB40-14C0-4FD6-8E5D-51AB583D63A1}.Release|Any CPU.ActiveCfg = Release|Any CPU
		{E8F9AB40-14C0-4FD6-8E5D-51AB583D63A1}.Release|Any CPU.Build.0 = Release|Any CPU
		{1599F0A1-5C39-4585-9B4E-3D22652C2E5A}.Debug|Any CPU.ActiveCfg = Debug|Any CPU
		{1599F0A1-5C39-4585-9B4E-3D22652C2E5A}.Debug|Any CPU.Build.0 = Debug|Any CPU
		{1599F0A1-5C39-4585-9B4E-3D22652C2E5A}.Release|Any CPU.ActiveCfg = Release|Any CPU
		{1599F0A1-5C39-4585-9B4E-3D22652C2E5A}.Release|Any CPU.Build.0 = Release|Any CPU
		{5D08F48F-F5A6-4FD6-A5CF-C2E6755BC588}.Debug|Any CPU.ActiveCfg = Debug|Any CPU
		{5D08F48F-F5A6-4FD6-A5CF-C2E6755BC588}.Debug|Any CPU.Build.0 = Debug|Any CPU
		{5D08F48F-F5A6-4FD6-A5CF-C2E6755BC588}.Release|Any CPU.ActiveCfg = Release|Any CPU
		{5D08F48F-F5A6-4FD6-A5CF-C2E6755BC588}.Release|Any CPU.Build.0 = Release|Any CPU
		{D675EC01-1C85-4324-818E-82607F3B4A35}.Debug|Any CPU.ActiveCfg = Debug|Any CPU
		{D675EC01-1C85-4324-818E-82607F3B4A35}.Debug|Any CPU.Build.0 = Debug|Any CPU
		{D675EC01-1C85-4324-818E-82607F3B4A35}.Release|Any CPU.ActiveCfg = Release|Any CPU
		{D675EC01-1C85-4324-818E-82607F3B4A35}.Release|Any CPU.Build.0 = Release|Any CPU
		{CA6D3432-D1ED-4DE2-A944-ED4319F9B448}.Debug|Any CPU.ActiveCfg = Debug|Any CPU
		{CA6D3432-D1ED-4DE2-A944-ED4319F9B448}.Debug|Any CPU.Build.0 = Debug|Any CPU
		{CA6D3432-D1ED-4DE2-A944-ED4319F9B448}.Release|Any CPU.ActiveCfg = Release|Any CPU
		{CA6D3432-D1ED-4DE2-A944-ED4319F9B448}.Release|Any CPU.Build.0 = Release|Any CPU
		{1744201E-42FC-45B1-8D18-A6AB5B118B27}.Debug|Any CPU.ActiveCfg = Debug|Any CPU
		{1744201E-42FC-45B1-8D18-A6AB5B118B27}.Debug|Any CPU.Build.0 = Debug|Any CPU
		{1744201E-42FC-45B1-8D18-A6AB5B118B27}.Release|Any CPU.ActiveCfg = Release|Any CPU
		{1744201E-42FC-45B1-8D18-A6AB5B118B27}.Release|Any CPU.Build.0 = Release|Any CPU
		{6DF56A72-2A2D-4044-8D4A-8057BF8CA2A2}.Debug|Any CPU.ActiveCfg = Debug|Any CPU
		{6DF56A72-2A2D-4044-8D4A-8057BF8CA2A2}.Debug|Any CPU.Build.0 = Debug|Any CPU
		{6DF56A72-2A2D-4044-8D4A-8057BF8CA2A2}.Release|Any CPU.ActiveCfg = Release|Any CPU
		{6DF56A72-2A2D-4044-8D4A-8057BF8CA2A2}.Release|Any CPU.Build.0 = Release|Any CPU
		{5E19639A-B878-4D9F-AB6A-6D2C00C7B248}.Debug|Any CPU.ActiveCfg = Debug|Any CPU
		{5E19639A-B878-4D9F-AB6A-6D2C00C7B248}.Debug|Any CPU.Build.0 = Debug|Any CPU
		{5E19639A-B878-4D9F-AB6A-6D2C00C7B248}.Release|Any CPU.ActiveCfg = Release|Any CPU
		{5E19639A-B878-4D9F-AB6A-6D2C00C7B248}.Release|Any CPU.Build.0 = Release|Any CPU
		{74945066-99E9-49F1-95F0-99E319E0349B}.Debug|Any CPU.ActiveCfg = Debug|Any CPU
		{74945066-99E9-49F1-95F0-99E319E0349B}.Debug|Any CPU.Build.0 = Debug|Any CPU
		{74945066-99E9-49F1-95F0-99E319E0349B}.Release|Any CPU.ActiveCfg = Release|Any CPU
		{74945066-99E9-49F1-95F0-99E319E0349B}.Release|Any CPU.Build.0 = Release|Any CPU
		{90EBCD3B-F982-467B-B674-F505C36CEADE}.Debug|Any CPU.ActiveCfg = Debug|Any CPU
		{90EBCD3B-F982-467B-B674-F505C36CEADE}.Debug|Any CPU.Build.0 = Debug|Any CPU
		{90EBCD3B-F982-467B-B674-F505C36CEADE}.Release|Any CPU.ActiveCfg = Release|Any CPU
		{90EBCD3B-F982-467B-B674-F505C36CEADE}.Release|Any CPU.Build.0 = Release|Any CPU
	EndGlobalSection
	GlobalSection(SolutionProperties) = preSolution
		HideSolutionNode = FALSE
	EndGlobalSection
EndGlobal
