
Microsoft Visual Studio Solution File, Format Version 12.00
# Visual Studio 2013
VisualStudioVersion = 12.0.31101.0
MinimumVisualStudioVersion = 10.0.40219.1
Project("{FAE04EC0-301F-11D3-BF4B-00C04F79EFBC}") = "01. NumbersFrom1ToN", "NumbersFrom1ToN\01. NumbersFrom1ToN.csproj", "{FB4AE4F9-2073-477F-B747-484E7D565C1B}"
EndProject
Project("{FAE04EC0-301F-11D3-BF4B-00C04F79EFBC}") = "02. NumbersNotDivisibleBy3And7", "NumbersNotDivisibleBy3And7\02. NumbersNotDivisibleBy3And7.csproj", "{3DEBEEF9-674D-49BB-9D37-B0F68EFF78F2}"
EndProject
Project("{FAE04EC0-301F-11D3-BF4B-00C04F79EFBC}") = "03. MinMaxSumAndAverageOfNNumbers", "MinMaxSumAndAverageOfNNumbers\03. MinMaxSumAndAverageOfNNumbers.csproj", "{AAD9131A-D878-4E94-B194-812184922833}"
EndProject
Project("{FAE04EC0-301F-11D3-BF4B-00C04F79EFBC}") = "04. PrintADeckOf52Cards", "PrintADeckOf52Cards\04. PrintADeckOf52Cards.csproj", "{EFD46021-FACB-44CA-9674-EFEC599D03D9}"
EndProject
Project("{FAE04EC0-301F-11D3-BF4B-00C04F79EFBC}") = "05. Calculate1", "Calculate1\05. Calculate1.csproj", "{A6505E1B-41D1-430A-9EDD-CE8F37C03B2C}"
EndProject
Project("{FAE04EC0-301F-11D3-BF4B-00C04F79EFBC}") = "06. Calculate2", "Calculate2\06. Calculate2.csproj", "{11B25A29-757F-4279-992B-E8212BB1776E}"
EndProject
Project("{FAE04EC0-301F-11D3-BF4B-00C04F79EFBC}") = "07. Calculate3", "Calculate3\07. Calculate3.csproj", "{7C8BE35E-D445-4D76-B362-C5F48F469F80}"
EndProject
Project("{FAE04EC0-301F-11D3-BF4B-00C04F79EFBC}") = "08. CatalanNumbers", "CatalanNumbers\08. CatalanNumbers.csproj", "{AD923936-55AE-4E5A-9431-8FC60DD5A91C}"
EndProject
Project("{FAE04EC0-301F-11D3-BF4B-00C04F79EFBC}") = "09. MatrixOfNumbers", "MatrixOfNumbers\09. MatrixOfNumbers.csproj", "{EA4385C1-D8F4-46A8-96E9-B7D30D041EF7}"
EndProject
Project("{FAE04EC0-301F-11D3-BF4B-00C04F79EFBC}") = "10. OddAndEvenProduct", "OddAndEvenProduct\10. OddAndEvenProduct.csproj", "{A1065EFE-E939-48AA-9B7B-6BDFFF773681}"
EndProject
Project("{FAE04EC0-301F-11D3-BF4B-00C04F79EFBC}") = "11. RandomNumbersInGivenRange", "RandomNumbersInGivenRange\11. RandomNumbersInGivenRange.csproj", "{E43E2CDD-54CC-4CE3-AEC7-1C4C46682DC6}"
EndProject
Project("{FAE04EC0-301F-11D3-BF4B-00C04F79EFBC}") = "12. RandomizeTheNumbers1N", "RandomizeTheNumbers1N\12. RandomizeTheNumbers1N.csproj", "{0B84F415-5811-4FF8-AF74-A2FA696F1A25}"
EndProject
Project("{FAE04EC0-301F-11D3-BF4B-00C04F79EFBC}") = "13. BinaryToDecimalNumber", "BinaryToDecimalNumber\13. BinaryToDecimalNumber.csproj", "{5DA4E0AC-BD21-4276-9C8B-B566867F838A}"
EndProject
Project("{FAE04EC0-301F-11D3-BF4B-00C04F79EFBC}") = "14. DecimalToBinaryNumber", "DecimalToBinaryNumber\14. DecimalToBinaryNumber.csproj", "{016A2902-C1D4-4C9A-A496-469555E1DC28}"
EndProject
Project("{FAE04EC0-301F-11D3-BF4B-00C04F79EFBC}") = "15. HexademicalToDecimalNumber", "HexademicalToDecimalNumber\15. HexademicalToDecimalNumber.csproj", "{2335D41D-64F5-4308-BB0A-77F82ABF59CC}"
EndProject
Project("{FAE04EC0-301F-11D3-BF4B-00C04F79EFBC}") = "16. DecimalToHexadecimalNumber", "DecimalToHexadecimalNumber\16. DecimalToHexadecimalNumber.csproj", "{1285B898-EF7D-4BCE-ADBA-4EED2A94E925}"
EndProject
Project("{FAE04EC0-301F-11D3-BF4B-00C04F79EFBC}") = "17. CalculateGCD", "CalculateGCD\17. CalculateGCD.csproj", "{7340B490-31E9-43BE-8B62-A68ADE8FF84F}"
EndProject
Project("{FAE04EC0-301F-11D3-BF4B-00C04F79EFBC}") = "18. TrailingZeroesInN", "TrailingZeroesInN\18. TrailingZeroesInN.csproj", "{D9D64B10-6B4B-478A-BBDB-8026B7F59AC5}"
EndProject
Project("{FAE04EC0-301F-11D3-BF4B-00C04F79EFBC}") = "19. SpiralMatrix", "SpiralMatrix\19. SpiralMatrix.csproj", "{919781A4-F90A-4FCB-B4F3-F64FE5EB94F7}"
EndProject
Global
	GlobalSection(SolutionConfigurationPlatforms) = preSolution
		Debug|Any CPU = Debug|Any CPU
		Release|Any CPU = Release|Any CPU
	EndGlobalSection
	GlobalSection(ProjectConfigurationPlatforms) = postSolution
		{FB4AE4F9-2073-477F-B747-484E7D565C1B}.Debug|Any CPU.ActiveCfg = Debug|Any CPU
		{FB4AE4F9-2073-477F-B747-484E7D565C1B}.Debug|Any CPU.Build.0 = Debug|Any CPU
		{FB4AE4F9-2073-477F-B747-484E7D565C1B}.Release|Any CPU.ActiveCfg = Release|Any CPU
		{FB4AE4F9-2073-477F-B747-484E7D565C1B}.Release|Any CPU.Build.0 = Release|Any CPU
		{3DEBEEF9-674D-49BB-9D37-B0F68EFF78F2}.Debug|Any CPU.ActiveCfg = Debug|Any CPU
		{3DEBEEF9-674D-49BB-9D37-B0F68EFF78F2}.Debug|Any CPU.Build.0 = Debug|Any CPU
		{3DEBEEF9-674D-49BB-9D37-B0F68EFF78F2}.Release|Any CPU.ActiveCfg = Release|Any CPU
		{3DEBEEF9-674D-49BB-9D37-B0F68EFF78F2}.Release|Any CPU.Build.0 = Release|Any CPU
		{AAD9131A-D878-4E94-B194-812184922833}.Debug|Any CPU.ActiveCfg = Debug|Any CPU
		{AAD9131A-D878-4E94-B194-812184922833}.Debug|Any CPU.Build.0 = Debug|Any CPU
		{AAD9131A-D878-4E94-B194-812184922833}.Release|Any CPU.ActiveCfg = Release|Any CPU
		{AAD9131A-D878-4E94-B194-812184922833}.Release|Any CPU.Build.0 = Release|Any CPU
		{EFD46021-FACB-44CA-9674-EFEC599D03D9}.Debug|Any CPU.ActiveCfg = Debug|Any CPU
		{EFD46021-FACB-44CA-9674-EFEC599D03D9}.Debug|Any CPU.Build.0 = Debug|Any CPU
		{EFD46021-FACB-44CA-9674-EFEC599D03D9}.Release|Any CPU.ActiveCfg = Release|Any CPU
		{EFD46021-FACB-44CA-9674-EFEC599D03D9}.Release|Any CPU.Build.0 = Release|Any CPU
		{A6505E1B-41D1-430A-9EDD-CE8F37C03B2C}.Debug|Any CPU.ActiveCfg = Debug|Any CPU
		{A6505E1B-41D1-430A-9EDD-CE8F37C03B2C}.Debug|Any CPU.Build.0 = Debug|Any CPU
		{A6505E1B-41D1-430A-9EDD-CE8F37C03B2C}.Release|Any CPU.ActiveCfg = Release|Any CPU
		{A6505E1B-41D1-430A-9EDD-CE8F37C03B2C}.Release|Any CPU.Build.0 = Release|Any CPU
		{11B25A29-757F-4279-992B-E8212BB1776E}.Debug|Any CPU.ActiveCfg = Debug|Any CPU
		{11B25A29-757F-4279-992B-E8212BB1776E}.Debug|Any CPU.Build.0 = Debug|Any CPU
		{11B25A29-757F-4279-992B-E8212BB1776E}.Release|Any CPU.ActiveCfg = Release|Any CPU
		{11B25A29-757F-4279-992B-E8212BB1776E}.Release|Any CPU.Build.0 = Release|Any CPU
		{7C8BE35E-D445-4D76-B362-C5F48F469F80}.Debug|Any CPU.ActiveCfg = Debug|Any CPU
		{7C8BE35E-D445-4D76-B362-C5F48F469F80}.Debug|Any CPU.Build.0 = Debug|Any CPU
		{7C8BE35E-D445-4D76-B362-C5F48F469F80}.Release|Any CPU.ActiveCfg = Release|Any CPU
		{7C8BE35E-D445-4D76-B362-C5F48F469F80}.Release|Any CPU.Build.0 = Release|Any CPU
		{AD923936-55AE-4E5A-9431-8FC60DD5A91C}.Debug|Any CPU.ActiveCfg = Debug|Any CPU
		{AD923936-55AE-4E5A-9431-8FC60DD5A91C}.Debug|Any CPU.Build.0 = Debug|Any CPU
		{AD923936-55AE-4E5A-9431-8FC60DD5A91C}.Release|Any CPU.ActiveCfg = Release|Any CPU
		{AD923936-55AE-4E5A-9431-8FC60DD5A91C}.Release|Any CPU.Build.0 = Release|Any CPU
		{EA4385C1-D8F4-46A8-96E9-B7D30D041EF7}.Debug|Any CPU.ActiveCfg = Debug|Any CPU
		{EA4385C1-D8F4-46A8-96E9-B7D30D041EF7}.Debug|Any CPU.Build.0 = Debug|Any CPU
		{EA4385C1-D8F4-46A8-96E9-B7D30D041EF7}.Release|Any CPU.ActiveCfg = Release|Any CPU
		{EA4385C1-D8F4-46A8-96E9-B7D30D041EF7}.Release|Any CPU.Build.0 = Release|Any CPU
		{A1065EFE-E939-48AA-9B7B-6BDFFF773681}.Debug|Any CPU.ActiveCfg = Debug|Any CPU
		{A1065EFE-E939-48AA-9B7B-6BDFFF773681}.Debug|Any CPU.Build.0 = Debug|Any CPU
		{A1065EFE-E939-48AA-9B7B-6BDFFF773681}.Release|Any CPU.ActiveCfg = Release|Any CPU
		{A1065EFE-E939-48AA-9B7B-6BDFFF773681}.Release|Any CPU.Build.0 = Release|Any CPU
		{E43E2CDD-54CC-4CE3-AEC7-1C4C46682DC6}.Debug|Any CPU.ActiveCfg = Debug|Any CPU
		{E43E2CDD-54CC-4CE3-AEC7-1C4C46682DC6}.Debug|Any CPU.Build.0 = Debug|Any CPU
		{E43E2CDD-54CC-4CE3-AEC7-1C4C46682DC6}.Release|Any CPU.ActiveCfg = Release|Any CPU
		{E43E2CDD-54CC-4CE3-AEC7-1C4C46682DC6}.Release|Any CPU.Build.0 = Release|Any CPU
		{0B84F415-5811-4FF8-AF74-A2FA696F1A25}.Debug|Any CPU.ActiveCfg = Debug|Any CPU
		{0B84F415-5811-4FF8-AF74-A2FA696F1A25}.Debug|Any CPU.Build.0 = Debug|Any CPU
		{0B84F415-5811-4FF8-AF74-A2FA696F1A25}.Release|Any CPU.ActiveCfg = Release|Any CPU
		{0B84F415-5811-4FF8-AF74-A2FA696F1A25}.Release|Any CPU.Build.0 = Release|Any CPU
		{5DA4E0AC-BD21-4276-9C8B-B566867F838A}.Debug|Any CPU.ActiveCfg = Debug|Any CPU
		{5DA4E0AC-BD21-4276-9C8B-B566867F838A}.Debug|Any CPU.Build.0 = Debug|Any CPU
		{5DA4E0AC-BD21-4276-9C8B-B566867F838A}.Release|Any CPU.ActiveCfg = Release|Any CPU
		{5DA4E0AC-BD21-4276-9C8B-B566867F838A}.Release|Any CPU.Build.0 = Release|Any CPU
		{016A2902-C1D4-4C9A-A496-469555E1DC28}.Debug|Any CPU.ActiveCfg = Debug|Any CPU
		{016A2902-C1D4-4C9A-A496-469555E1DC28}.Debug|Any CPU.Build.0 = Debug|Any CPU
		{016A2902-C1D4-4C9A-A496-469555E1DC28}.Release|Any CPU.ActiveCfg = Release|Any CPU
		{016A2902-C1D4-4C9A-A496-469555E1DC28}.Release|Any CPU.Build.0 = Release|Any CPU
		{2335D41D-64F5-4308-BB0A-77F82ABF59CC}.Debug|Any CPU.ActiveCfg = Debug|Any CPU
		{2335D41D-64F5-4308-BB0A-77F82ABF59CC}.Debug|Any CPU.Build.0 = Debug|Any CPU
		{2335D41D-64F5-4308-BB0A-77F82ABF59CC}.Release|Any CPU.ActiveCfg = Release|Any CPU
		{2335D41D-64F5-4308-BB0A-77F82ABF59CC}.Release|Any CPU.Build.0 = Release|Any CPU
		{1285B898-EF7D-4BCE-ADBA-4EED2A94E925}.Debug|Any CPU.ActiveCfg = Debug|Any CPU
		{1285B898-EF7D-4BCE-ADBA-4EED2A94E925}.Debug|Any CPU.Build.0 = Debug|Any CPU
		{1285B898-EF7D-4BCE-ADBA-4EED2A94E925}.Release|Any CPU.ActiveCfg = Release|Any CPU
		{1285B898-EF7D-4BCE-ADBA-4EED2A94E925}.Release|Any CPU.Build.0 = Release|Any CPU
		{7340B490-31E9-43BE-8B62-A68ADE8FF84F}.Debug|Any CPU.ActiveCfg = Debug|Any CPU
		{7340B490-31E9-43BE-8B62-A68ADE8FF84F}.Debug|Any CPU.Build.0 = Debug|Any CPU
		{7340B490-31E9-43BE-8B62-A68ADE8FF84F}.Release|Any CPU.ActiveCfg = Release|Any CPU
		{7340B490-31E9-43BE-8B62-A68ADE8FF84F}.Release|Any CPU.Build.0 = Release|Any CPU
		{D9D64B10-6B4B-478A-BBDB-8026B7F59AC5}.Debug|Any CPU.ActiveCfg = Debug|Any CPU
		{D9D64B10-6B4B-478A-BBDB-8026B7F59AC5}.Debug|Any CPU.Build.0 = Debug|Any CPU
		{D9D64B10-6B4B-478A-BBDB-8026B7F59AC5}.Release|Any CPU.ActiveCfg = Release|Any CPU
		{D9D64B10-6B4B-478A-BBDB-8026B7F59AC5}.Release|Any CPU.Build.0 = Release|Any CPU
		{919781A4-F90A-4FCB-B4F3-F64FE5EB94F7}.Debug|Any CPU.ActiveCfg = Debug|Any CPU
		{919781A4-F90A-4FCB-B4F3-F64FE5EB94F7}.Debug|Any CPU.Build.0 = Debug|Any CPU
		{919781A4-F90A-4FCB-B4F3-F64FE5EB94F7}.Release|Any CPU.ActiveCfg = Release|Any CPU
		{919781A4-F90A-4FCB-B4F3-F64FE5EB94F7}.Release|Any CPU.Build.0 = Release|Any CPU
	EndGlobalSection
	GlobalSection(SolutionProperties) = preSolution
		HideSolutionNode = FALSE
	EndGlobalSection
EndGlobal
