
Microsoft Visual Studio Solution File, Format Version 12.00
# Visual Studio 2013
VisualStudioVersion = 12.0.31101.0
MinimumVisualStudioVersion = 10.0.40219.1
Project("{FAE04EC0-301F-11D3-BF4B-00C04F79EFBC}") = "01. SumOf3Numbers", "SumOf3Numbers\01. SumOf3Numbers.csproj", "{FA4BC0CC-7195-415A-8756-2B9B29F66646}"
EndProject
Project("{FAE04EC0-301F-11D3-BF4B-00C04F79EFBC}") = "02. PrintCompanyInformation", "PrintCompanyInformation\02. PrintCompanyInformation.csproj", "{E9EB19D7-CF85-49BB-AEBD-BA044B74A3A6}"
EndProject
Project("{FAE04EC0-301F-11D3-BF4B-00C04F79EFBC}") = "03. CirclePerimeterAndArea", "CirclePerimeterAndArea\03. CirclePerimeterAndArea.csproj", "{5C44577E-2F35-4013-8D03-7BB2B18A34AD}"
EndProject
Project("{FAE04EC0-301F-11D3-BF4B-00C04F79EFBC}") = "04. NumberComparer", "NumberComparer\04. NumberComparer.csproj", "{62A346C9-E731-4FC4-AF56-FB25C95025DD}"
EndProject
Project("{FAE04EC0-301F-11D3-BF4B-00C04F79EFBC}") = "05. FormattingNumbers", "FormattingNumbers\05. FormattingNumbers.csproj", "{A4930121-2604-45EA-8662-EC2E24C9A872}"
EndProject
Project("{FAE04EC0-301F-11D3-BF4B-00C04F79EFBC}") = "06. QuadraticEquation", "QuadraticEquation\06. QuadraticEquation.csproj", "{253CE6B3-ED24-41ED-A948-D29FECA63374}"
EndProject
Project("{FAE04EC0-301F-11D3-BF4B-00C04F79EFBC}") = "07. SumOf5Numbers", "SumOf5Numbers\07. SumOf5Numbers.csproj", "{439B3ECF-78C3-4631-8FDF-6F9DE7ED46C7}"
EndProject
Project("{FAE04EC0-301F-11D3-BF4B-00C04F79EFBC}") = "08. NumbersFrom1ToN", "NumbersFrom1ToN\08. NumbersFrom1ToN.csproj", "{E850B893-8D5A-499B-8813-8BD4D4DDAE93}"
EndProject
Project("{FAE04EC0-301F-11D3-BF4B-00C04F79EFBC}") = "09. SumOfNNumbers", "SumOfNNumbers\09. SumOfNNumbers.csproj", "{C319DEB9-4C44-49A9-9191-D3A8452D3FA3}"
EndProject
Project("{FAE04EC0-301F-11D3-BF4B-00C04F79EFBC}") = "10. FibonacciNumbers", "FibonacciNumbers\10. FibonacciNumbers.csproj", "{C2E8754D-D123-4A02-9EF7-C601E026DA9A}"
EndProject
Project("{FAE04EC0-301F-11D3-BF4B-00C04F79EFBC}") = "11. NumbersInIntervalDividableByGivenNumber", "NumbersInIntervalDividableByGivenNumber\11. NumbersInIntervalDividableByGivenNumber.csproj", "{096FBDED-5717-4CC6-879B-DD10ED20D8EC}"
EndProject
Project("{FAE04EC0-301F-11D3-BF4B-00C04F79EFBC}") = "12. FallingRocks", "FallingRocks\12. FallingRocks.csproj", "{A7B64DA6-0223-49DD-9AAE-3EFE36C650BB}"
EndProject
Global
	GlobalSection(SolutionConfigurationPlatforms) = preSolution
		Debug|Any CPU = Debug|Any CPU
		Release|Any CPU = Release|Any CPU
	EndGlobalSection
	GlobalSection(ProjectConfigurationPlatforms) = postSolution
		{FA4BC0CC-7195-415A-8756-2B9B29F66646}.Debug|Any CPU.ActiveCfg = Debug|Any CPU
		{FA4BC0CC-7195-415A-8756-2B9B29F66646}.Debug|Any CPU.Build.0 = Debug|Any CPU
		{FA4BC0CC-7195-415A-8756-2B9B29F66646}.Release|Any CPU.ActiveCfg = Release|Any CPU
		{FA4BC0CC-7195-415A-8756-2B9B29F66646}.Release|Any CPU.Build.0 = Release|Any CPU
		{E9EB19D7-CF85-49BB-AEBD-BA044B74A3A6}.Debug|Any CPU.ActiveCfg = Debug|Any CPU
		{E9EB19D7-CF85-49BB-AEBD-BA044B74A3A6}.Debug|Any CPU.Build.0 = Debug|Any CPU
		{E9EB19D7-CF85-49BB-AEBD-BA044B74A3A6}.Release|Any CPU.ActiveCfg = Release|Any CPU
		{E9EB19D7-CF85-49BB-AEBD-BA044B74A3A6}.Release|Any CPU.Build.0 = Release|Any CPU
		{5C44577E-2F35-4013-8D03-7BB2B18A34AD}.Debug|Any CPU.ActiveCfg = Debug|Any CPU
		{5C44577E-2F35-4013-8D03-7BB2B18A34AD}.Debug|Any CPU.Build.0 = Debug|Any CPU
		{5C44577E-2F35-4013-8D03-7BB2B18A34AD}.Release|Any CPU.ActiveCfg = Release|Any CPU
		{5C44577E-2F35-4013-8D03-7BB2B18A34AD}.Release|Any CPU.Build.0 = Release|Any CPU
		{62A346C9-E731-4FC4-AF56-FB25C95025DD}.Debug|Any CPU.ActiveCfg = Debug|Any CPU
		{62A346C9-E731-4FC4-AF56-FB25C95025DD}.Debug|Any CPU.Build.0 = Debug|Any CPU
		{62A346C9-E731-4FC4-AF56-FB25C95025DD}.Release|Any CPU.ActiveCfg = Release|Any CPU
		{62A346C9-E731-4FC4-AF56-FB25C95025DD}.Release|Any CPU.Build.0 = Release|Any CPU
		{A4930121-2604-45EA-8662-EC2E24C9A872}.Debug|Any CPU.ActiveCfg = Debug|Any CPU
		{A4930121-2604-45EA-8662-EC2E24C9A872}.Debug|Any CPU.Build.0 = Debug|Any CPU
		{A4930121-2604-45EA-8662-EC2E24C9A872}.Release|Any CPU.ActiveCfg = Release|Any CPU
		{A4930121-2604-45EA-8662-EC2E24C9A872}.Release|Any CPU.Build.0 = Release|Any CPU
		{253CE6B3-ED24-41ED-A948-D29FECA63374}.Debug|Any CPU.ActiveCfg = Debug|Any CPU
		{253CE6B3-ED24-41ED-A948-D29FECA63374}.Debug|Any CPU.Build.0 = Debug|Any CPU
		{253CE6B3-ED24-41ED-A948-D29FECA63374}.Release|Any CPU.ActiveCfg = Release|Any CPU
		{253CE6B3-ED24-41ED-A948-D29FECA63374}.Release|Any CPU.Build.0 = Release|Any CPU
		{439B3ECF-78C3-4631-8FDF-6F9DE7ED46C7}.Debug|Any CPU.ActiveCfg = Debug|Any CPU
		{439B3ECF-78C3-4631-8FDF-6F9DE7ED46C7}.Debug|Any CPU.Build.0 = Debug|Any CPU
		{439B3ECF-78C3-4631-8FDF-6F9DE7ED46C7}.Release|Any CPU.ActiveCfg = Release|Any CPU
		{439B3ECF-78C3-4631-8FDF-6F9DE7ED46C7}.Release|Any CPU.Build.0 = Release|Any CPU
		{E850B893-8D5A-499B-8813-8BD4D4DDAE93}.Debug|Any CPU.ActiveCfg = Debug|Any CPU
		{E850B893-8D5A-499B-8813-8BD4D4DDAE93}.Debug|Any CPU.Build.0 = Debug|Any CPU
		{E850B893-8D5A-499B-8813-8BD4D4DDAE93}.Release|Any CPU.ActiveCfg = Release|Any CPU
		{E850B893-8D5A-499B-8813-8BD4D4DDAE93}.Release|Any CPU.Build.0 = Release|Any CPU
		{C319DEB9-4C44-49A9-9191-D3A8452D3FA3}.Debug|Any CPU.ActiveCfg = Debug|Any CPU
		{C319DEB9-4C44-49A9-9191-D3A8452D3FA3}.Debug|Any CPU.Build.0 = Debug|Any CPU
		{C319DEB9-4C44-49A9-9191-D3A8452D3FA3}.Release|Any CPU.ActiveCfg = Release|Any CPU
		{C319DEB9-4C44-49A9-9191-D3A8452D3FA3}.Release|Any CPU.Build.0 = Release|Any CPU
		{C2E8754D-D123-4A02-9EF7-C601E026DA9A}.Debug|Any CPU.ActiveCfg = Debug|Any CPU
		{C2E8754D-D123-4A02-9EF7-C601E026DA9A}.Debug|Any CPU.Build.0 = Debug|Any CPU
		{C2E8754D-D123-4A02-9EF7-C601E026DA9A}.Release|Any CPU.ActiveCfg = Release|Any CPU
		{C2E8754D-D123-4A02-9EF7-C601E026DA9A}.Release|Any CPU.Build.0 = Release|Any CPU
		{096FBDED-5717-4CC6-879B-DD10ED20D8EC}.Debug|Any CPU.ActiveCfg = Debug|Any CPU
		{096FBDED-5717-4CC6-879B-DD10ED20D8EC}.Debug|Any CPU.Build.0 = Debug|Any CPU
		{096FBDED-5717-4CC6-879B-DD10ED20D8EC}.Release|Any CPU.ActiveCfg = Release|Any CPU
		{096FBDED-5717-4CC6-879B-DD10ED20D8EC}.Release|Any CPU.Build.0 = Release|Any CPU
		{A7B64DA6-0223-49DD-9AAE-3EFE36C650BB}.Debug|Any CPU.ActiveCfg = Debug|Any CPU
		{A7B64DA6-0223-49DD-9AAE-3EFE36C650BB}.Debug|Any CPU.Build.0 = Debug|Any CPU
		{A7B64DA6-0223-49DD-9AAE-3EFE36C650BB}.Release|Any CPU.ActiveCfg = Release|Any CPU
		{A7B64DA6-0223-49DD-9AAE-3EFE36C650BB}.Release|Any CPU.Build.0 = Release|Any CPU
	EndGlobalSection
	GlobalSection(SolutionProperties) = preSolution
		HideSolutionNode = FALSE
	EndGlobalSection
EndGlobal
