
Microsoft Visual Studio Solution File, Format Version 12.00
# Visual Studio 2013
VisualStudioVersion = 12.0.31101.0
MinimumVisualStudioVersion = 10.0.40219.1
Project("{FAE04EC0-301F-11D3-BF4B-00C04F79EFBC}") = "01. OddOrEvenIntegers", "OddOrEvenIntegers\01. OddOrEvenIntegers.csproj", "{A6B10C8E-F30B-41C3-90AC-FD1BDFA74562}"
EndProject
Project("{FAE04EC0-301F-11D3-BF4B-00C04F79EFBC}") = "02. GravitationOnTheMoon", "GravitationOnTheMoon\02. GravitationOnTheMoon.csproj", "{68A71BC9-36EC-4BC0-B3FE-7274FD5F0C74}"
EndProject
Project("{FAE04EC0-301F-11D3-BF4B-00C04F79EFBC}") = "03. DivideBy7And5", "DivideBy7And5\03. DivideBy7And5.csproj", "{6E8EBC39-002B-423D-BE81-D215E50E700A}"
EndProject
Project("{FAE04EC0-301F-11D3-BF4B-00C04F79EFBC}") = "04. Rectangles", "Rectangles\04. Rectangles.csproj", "{B5B617A5-AB1E-4D72-B706-2B64821BDA89}"
EndProject
Project("{FAE04EC0-301F-11D3-BF4B-00C04F79EFBC}") = "05. ThirdDigitIs7", "ThirdDigitIs7\05. ThirdDigitIs7.csproj", "{8E1AC787-1B34-4DBC-AFB1-DEF7C3AE36C9}"
EndProject
Project("{FAE04EC0-301F-11D3-BF4B-00C04F79EFBC}") = "06. FourDigitNumber", "FourDigitNumber\06. FourDigitNumber.csproj", "{0DCE68FD-1364-44E5-A7A6-3515D5E7D97A}"
EndProject
Project("{FAE04EC0-301F-11D3-BF4B-00C04F79EFBC}") = "07. PointInACircle", "PointInACircle\07. PointInACircle.csproj", "{BDF175BC-8E66-402F-8666-42865EE6DD0B}"
EndProject
Project("{FAE04EC0-301F-11D3-BF4B-00C04F79EFBC}") = "08. PrimeNumberCheck", "PrimeNumberCheck\08. PrimeNumberCheck.csproj", "{556EF91A-DAD7-4463-8BB6-8B6341157389}"
EndProject
Project("{FAE04EC0-301F-11D3-BF4B-00C04F79EFBC}") = "09. Trapezoids", "Trapezoids\09. Trapezoids.csproj", "{39312030-72B3-4128-A457-83E16A6DBA60}"
EndProject
Project("{FAE04EC0-301F-11D3-BF4B-00C04F79EFBC}") = "10. PointInsideCircleOutsideRectangle", "PointInsideCircleOutsideRectangle\10. PointInsideCircleOutsideRectangle.csproj", "{E96112A2-422B-45C5-A03D-DE3F8BC44F22}"
EndProject
Project("{FAE04EC0-301F-11D3-BF4B-00C04F79EFBC}") = "11. ExtractBit3", "ExtractBit3\11. ExtractBit3.csproj", "{7FA72988-BB0D-4A0F-8004-8EF70DB718DC}"
EndProject
Project("{FAE04EC0-301F-11D3-BF4B-00C04F79EFBC}") = "12. ExtractBitFromInteger", "ExtractBitFromInteger\12. ExtractBitFromInteger.csproj", "{E6FC6B7E-8A5E-4F2F-9C7E-000D094DAA1E}"
EndProject
Project("{FAE04EC0-301F-11D3-BF4B-00C04F79EFBC}") = "13. CheckABitAtGivenPosition", "CheckABitAtGivenPosition\13. CheckABitAtGivenPosition.csproj", "{7DB56C5B-502D-4D5C-8BD2-96FF1C92AD8E}"
EndProject
Project("{FAE04EC0-301F-11D3-BF4B-00C04F79EFBC}") = "14. ModiyABitAtGivenPosition", "ModiyABitAtGivenPosition\14. ModiyABitAtGivenPosition.csproj", "{8D913035-CBFF-40DD-827E-E489FC7D46D5}"
EndProject
Project("{FAE04EC0-301F-11D3-BF4B-00C04F79EFBC}") = "15. BitsExchange", "BitsExchange\15. BitsExchange.csproj", "{D8014BEA-8E87-46F6-8A85-5BD3A33CEF12}"
EndProject
Project("{FAE04EC0-301F-11D3-BF4B-00C04F79EFBC}") = "16. BitExchangeAdvanced", "BitExchangeAdvanced\16. BitExchangeAdvanced.csproj", "{6E3ED486-A43A-4CB5-B45C-D55420B5F844}"
EndProject
Global
	GlobalSection(SolutionConfigurationPlatforms) = preSolution
		Debug|Any CPU = Debug|Any CPU
		Release|Any CPU = Release|Any CPU
	EndGlobalSection
	GlobalSection(ProjectConfigurationPlatforms) = postSolution
		{A6B10C8E-F30B-41C3-90AC-FD1BDFA74562}.Debug|Any CPU.ActiveCfg = Debug|Any CPU
		{A6B10C8E-F30B-41C3-90AC-FD1BDFA74562}.Debug|Any CPU.Build.0 = Debug|Any CPU
		{A6B10C8E-F30B-41C3-90AC-FD1BDFA74562}.Release|Any CPU.ActiveCfg = Release|Any CPU
		{A6B10C8E-F30B-41C3-90AC-FD1BDFA74562}.Release|Any CPU.Build.0 = Release|Any CPU
		{68A71BC9-36EC-4BC0-B3FE-7274FD5F0C74}.Debug|Any CPU.ActiveCfg = Debug|Any CPU
		{68A71BC9-36EC-4BC0-B3FE-7274FD5F0C74}.Debug|Any CPU.Build.0 = Debug|Any CPU
		{68A71BC9-36EC-4BC0-B3FE-7274FD5F0C74}.Release|Any CPU.ActiveCfg = Release|Any CPU
		{68A71BC9-36EC-4BC0-B3FE-7274FD5F0C74}.Release|Any CPU.Build.0 = Release|Any CPU
		{6E8EBC39-002B-423D-BE81-D215E50E700A}.Debug|Any CPU.ActiveCfg = Debug|Any CPU
		{6E8EBC39-002B-423D-BE81-D215E50E700A}.Debug|Any CPU.Build.0 = Debug|Any CPU
		{6E8EBC39-002B-423D-BE81-D215E50E700A}.Release|Any CPU.ActiveCfg = Release|Any CPU
		{6E8EBC39-002B-423D-BE81-D215E50E700A}.Release|Any CPU.Build.0 = Release|Any CPU
		{B5B617A5-AB1E-4D72-B706-2B64821BDA89}.Debug|Any CPU.ActiveCfg = Debug|Any CPU
		{B5B617A5-AB1E-4D72-B706-2B64821BDA89}.Debug|Any CPU.Build.0 = Debug|Any CPU
		{B5B617A5-AB1E-4D72-B706-2B64821BDA89}.Release|Any CPU.ActiveCfg = Release|Any CPU
		{B5B617A5-AB1E-4D72-B706-2B64821BDA89}.Release|Any CPU.Build.0 = Release|Any CPU
		{8E1AC787-1B34-4DBC-AFB1-DEF7C3AE36C9}.Debug|Any CPU.ActiveCfg = Debug|Any CPU
		{8E1AC787-1B34-4DBC-AFB1-DEF7C3AE36C9}.Debug|Any CPU.Build.0 = Debug|Any CPU
		{8E1AC787-1B34-4DBC-AFB1-DEF7C3AE36C9}.Release|Any CPU.ActiveCfg = Release|Any CPU
		{8E1AC787-1B34-4DBC-AFB1-DEF7C3AE36C9}.Release|Any CPU.Build.0 = Release|Any CPU
		{0DCE68FD-1364-44E5-A7A6-3515D5E7D97A}.Debug|Any CPU.ActiveCfg = Debug|Any CPU
		{0DCE68FD-1364-44E5-A7A6-3515D5E7D97A}.Debug|Any CPU.Build.0 = Debug|Any CPU
		{0DCE68FD-1364-44E5-A7A6-3515D5E7D97A}.Release|Any CPU.ActiveCfg = Release|Any CPU
		{0DCE68FD-1364-44E5-A7A6-3515D5E7D97A}.Release|Any CPU.Build.0 = Release|Any CPU
		{BDF175BC-8E66-402F-8666-42865EE6DD0B}.Debug|Any CPU.ActiveCfg = Debug|Any CPU
		{BDF175BC-8E66-402F-8666-42865EE6DD0B}.Debug|Any CPU.Build.0 = Debug|Any CPU
		{BDF175BC-8E66-402F-8666-42865EE6DD0B}.Release|Any CPU.ActiveCfg = Release|Any CPU
		{BDF175BC-8E66-402F-8666-42865EE6DD0B}.Release|Any CPU.Build.0 = Release|Any CPU
		{556EF91A-DAD7-4463-8BB6-8B6341157389}.Debug|Any CPU.ActiveCfg = Debug|Any CPU
		{556EF91A-DAD7-4463-8BB6-8B6341157389}.Debug|Any CPU.Build.0 = Debug|Any CPU
		{556EF91A-DAD7-4463-8BB6-8B6341157389}.Release|Any CPU.ActiveCfg = Release|Any CPU
		{556EF91A-DAD7-4463-8BB6-8B6341157389}.Release|Any CPU.Build.0 = Release|Any CPU
		{39312030-72B3-4128-A457-83E16A6DBA60}.Debug|Any CPU.ActiveCfg = Debug|Any CPU
		{39312030-72B3-4128-A457-83E16A6DBA60}.Debug|Any CPU.Build.0 = Debug|Any CPU
		{39312030-72B3-4128-A457-83E16A6DBA60}.Release|Any CPU.ActiveCfg = Release|Any CPU
		{39312030-72B3-4128-A457-83E16A6DBA60}.Release|Any CPU.Build.0 = Release|Any CPU
		{E96112A2-422B-45C5-A03D-DE3F8BC44F22}.Debug|Any CPU.ActiveCfg = Debug|Any CPU
		{E96112A2-422B-45C5-A03D-DE3F8BC44F22}.Debug|Any CPU.Build.0 = Debug|Any CPU
		{E96112A2-422B-45C5-A03D-DE3F8BC44F22}.Release|Any CPU.ActiveCfg = Release|Any CPU
		{E96112A2-422B-45C5-A03D-DE3F8BC44F22}.Release|Any CPU.Build.0 = Release|Any CPU
		{7FA72988-BB0D-4A0F-8004-8EF70DB718DC}.Debug|Any CPU.ActiveCfg = Debug|Any CPU
		{7FA72988-BB0D-4A0F-8004-8EF70DB718DC}.Debug|Any CPU.Build.0 = Debug|Any CPU
		{7FA72988-BB0D-4A0F-8004-8EF70DB718DC}.Release|Any CPU.ActiveCfg = Release|Any CPU
		{7FA72988-BB0D-4A0F-8004-8EF70DB718DC}.Release|Any CPU.Build.0 = Release|Any CPU
		{E6FC6B7E-8A5E-4F2F-9C7E-000D094DAA1E}.Debug|Any CPU.ActiveCfg = Debug|Any CPU
		{E6FC6B7E-8A5E-4F2F-9C7E-000D094DAA1E}.Debug|Any CPU.Build.0 = Debug|Any CPU
		{E6FC6B7E-8A5E-4F2F-9C7E-000D094DAA1E}.Release|Any CPU.ActiveCfg = Release|Any CPU
		{E6FC6B7E-8A5E-4F2F-9C7E-000D094DAA1E}.Release|Any CPU.Build.0 = Release|Any CPU
		{7DB56C5B-502D-4D5C-8BD2-96FF1C92AD8E}.Debug|Any CPU.ActiveCfg = Debug|Any CPU
		{7DB56C5B-502D-4D5C-8BD2-96FF1C92AD8E}.Debug|Any CPU.Build.0 = Debug|Any CPU
		{7DB56C5B-502D-4D5C-8BD2-96FF1C92AD8E}.Release|Any CPU.ActiveCfg = Release|Any CPU
		{7DB56C5B-502D-4D5C-8BD2-96FF1C92AD8E}.Release|Any CPU.Build.0 = Release|Any CPU
		{8D913035-CBFF-40DD-827E-E489FC7D46D5}.Debug|Any CPU.ActiveCfg = Debug|Any CPU
		{8D913035-CBFF-40DD-827E-E489FC7D46D5}.Debug|Any CPU.Build.0 = Debug|Any CPU
		{8D913035-CBFF-40DD-827E-E489FC7D46D5}.Release|Any CPU.ActiveCfg = Release|Any CPU
		{8D913035-CBFF-40DD-827E-E489FC7D46D5}.Release|Any CPU.Build.0 = Release|Any CPU
		{D8014BEA-8E87-46F6-8A85-5BD3A33CEF12}.Debug|Any CPU.ActiveCfg = Debug|Any CPU
		{D8014BEA-8E87-46F6-8A85-5BD3A33CEF12}.Debug|Any CPU.Build.0 = Debug|Any CPU
		{D8014BEA-8E87-46F6-8A85-5BD3A33CEF12}.Release|Any CPU.ActiveCfg = Release|Any CPU
		{D8014BEA-8E87-46F6-8A85-5BD3A33CEF12}.Release|Any CPU.Build.0 = Release|Any CPU
		{6E3ED486-A43A-4CB5-B45C-D55420B5F844}.Debug|Any CPU.ActiveCfg = Debug|Any CPU
		{6E3ED486-A43A-4CB5-B45C-D55420B5F844}.Debug|Any CPU.Build.0 = Debug|Any CPU
		{6E3ED486-A43A-4CB5-B45C-D55420B5F844}.Release|Any CPU.ActiveCfg = Release|Any CPU
		{6E3ED486-A43A-4CB5-B45C-D55420B5F844}.Release|Any CPU.Build.0 = Release|Any CPU
	EndGlobalSection
	GlobalSection(SolutionProperties) = preSolution
		HideSolutionNode = FALSE
	EndGlobalSection
EndGlobal
