
Microsoft Visual Studio Solution File, Format Version 12.00
# Visual Studio 2013
VisualStudioVersion = 12.0.31101.0
MinimumVisualStudioVersion = 10.0.40219.1
Project("{FAE04EC0-301F-11D3-BF4B-00C04F79EFBC}") = "01. StringBuilderSubstring", "StringBuilderSubstring\01. StringBuilderSubstring.csproj", "{45EEE42F-451F-4ED6-9E56-CB9B83079122}"
EndProject
Project("{FAE04EC0-301F-11D3-BF4B-00C04F79EFBC}") = "02. IEnumerableExtensions", "IEnumerableExtensions\02. IEnumerableExtensions.csproj", "{D8064B41-EA97-49A5-8511-A993097003F3}"
EndProject
Project("{FAE04EC0-301F-11D3-BF4B-00C04F79EFBC}") = "03. - 05. Students", "Students\03. - 05. Students.csproj", "{4551CD13-6278-4665-9935-69C175836930}"
EndProject
Project("{FAE04EC0-301F-11D3-BF4B-00C04F79EFBC}") = "06. DivisibleBy7And3", "DivisibleBy7And3\06. DivisibleBy7And3.csproj", "{C5AA0C54-8723-4112-A8C4-49DCE05E5F7F}"
EndProject
Project("{FAE04EC0-301F-11D3-BF4B-00C04F79EFBC}") = "07. Timer", "Timer\07. Timer.csproj", "{B98548EB-51F1-404A-900D-1A46E9FB0547}"
EndProject
Project("{FAE04EC0-301F-11D3-BF4B-00C04F79EFBC}") = "09. - 15. 18. 19. StudentGroups", "StudentGroups\09. - 15. 18. 19. StudentGroups.csproj", "{63B2FE80-2AD3-48B3-BC8E-193C722E40DE}"
EndProject
Project("{FAE04EC0-301F-11D3-BF4B-00C04F79EFBC}") = "17. LongestString", "LongestString\17. LongestString.csproj", "{D817E184-02E3-4E94-93EC-83A0F0C82857}"
EndProject
Global
	GlobalSection(SolutionConfigurationPlatforms) = preSolution
		Debug|Any CPU = Debug|Any CPU
		Release|Any CPU = Release|Any CPU
	EndGlobalSection
	GlobalSection(ProjectConfigurationPlatforms) = postSolution
		{45EEE42F-451F-4ED6-9E56-CB9B83079122}.Debug|Any CPU.ActiveCfg = Debug|Any CPU
		{45EEE42F-451F-4ED6-9E56-CB9B83079122}.Debug|Any CPU.Build.0 = Debug|Any CPU
		{45EEE42F-451F-4ED6-9E56-CB9B83079122}.Release|Any CPU.ActiveCfg = Release|Any CPU
		{45EEE42F-451F-4ED6-9E56-CB9B83079122}.Release|Any CPU.Build.0 = Release|Any CPU
		{D8064B41-EA97-49A5-8511-A993097003F3}.Debug|Any CPU.ActiveCfg = Debug|Any CPU
		{D8064B41-EA97-49A5-8511-A993097003F3}.Debug|Any CPU.Build.0 = Debug|Any CPU
		{D8064B41-EA97-49A5-8511-A993097003F3}.Release|Any CPU.ActiveCfg = Release|Any CPU
		{D8064B41-EA97-49A5-8511-A993097003F3}.Release|Any CPU.Build.0 = Release|Any CPU
		{4551CD13-6278-4665-9935-69C175836930}.Debug|Any CPU.ActiveCfg = Debug|Any CPU
		{4551CD13-6278-4665-9935-69C175836930}.Debug|Any CPU.Build.0 = Debug|Any CPU
		{4551CD13-6278-4665-9935-69C175836930}.Release|Any CPU.ActiveCfg = Release|Any CPU
		{4551CD13-6278-4665-9935-69C175836930}.Release|Any CPU.Build.0 = Release|Any CPU
		{C5AA0C54-8723-4112-A8C4-49DCE05E5F7F}.Debug|Any CPU.ActiveCfg = Debug|Any CPU
		{C5AA0C54-8723-4112-A8C4-49DCE05E5F7F}.Debug|Any CPU.Build.0 = Debug|Any CPU
		{C5AA0C54-8723-4112-A8C4-49DCE05E5F7F}.Release|Any CPU.ActiveCfg = Release|Any CPU
		{C5AA0C54-8723-4112-A8C4-49DCE05E5F7F}.Release|Any CPU.Build.0 = Release|Any CPU
		{B98548EB-51F1-404A-900D-1A46E9FB0547}.Debug|Any CPU.ActiveCfg = Debug|Any CPU
		{B98548EB-51F1-404A-900D-1A46E9FB0547}.Debug|Any CPU.Build.0 = Debug|Any CPU
		{B98548EB-51F1-404A-900D-1A46E9FB0547}.Release|Any CPU.ActiveCfg = Release|Any CPU
		{B98548EB-51F1-404A-900D-1A46E9FB0547}.Release|Any CPU.Build.0 = Release|Any CPU
		{63B2FE80-2AD3-48B3-BC8E-193C722E40DE}.Debug|Any CPU.ActiveCfg = Debug|Any CPU
		{63B2FE80-2AD3-48B3-BC8E-193C722E40DE}.Debug|Any CPU.Build.0 = Debug|Any CPU
		{63B2FE80-2AD3-48B3-BC8E-193C722E40DE}.Release|Any CPU.ActiveCfg = Release|Any CPU
		{63B2FE80-2AD3-48B3-BC8E-193C722E40DE}.Release|Any CPU.Build.0 = Release|Any CPU
		{D817E184-02E3-4E94-93EC-83A0F0C82857}.Debug|Any CPU.ActiveCfg = Debug|Any CPU
		{D817E184-02E3-4E94-93EC-83A0F0C82857}.Debug|Any CPU.Build.0 = Debug|Any CPU
		{D817E184-02E3-4E94-93EC-83A0F0C82857}.Release|Any CPU.ActiveCfg = Release|Any CPU
		{D817E184-02E3-4E94-93EC-83A0F0C82857}.Release|Any CPU.Build.0 = Release|Any CPU
	EndGlobalSection
	GlobalSection(SolutionProperties) = preSolution
		HideSolutionNode = FALSE
	EndGlobalSection
EndGlobal
